
Microsoft Visual Studio Solution File, Format Version 11.00
# Visual C# Express 2010
Project("{FAE04EC0-301F-11D3-BF4B-00C04F79EFBC}") = "RolePlayingGame", "RolePlayingGame\RolePlayingGame.csproj", "{F05B557F-F589-4F8B-92BE-BA2B34E89CD1}"
EndProject
Global
	GlobalSection(SolutionConfigurationPlatforms) = preSolution
		Debug|x86 = Debug|x86
		Release|x86 = Release|x86
	EndGlobalSection
	GlobalSection(ProjectConfigurationPlatforms) = postSolution
		{F05B557F-F589-4F8B-92BE-BA2B34E89CD1}.Debug|x86.ActiveCfg = Debug|x86
		{F05B557F-F589-4F8B-92BE-BA2B34E89CD1}.Debug|x86.Build.0 = Debug|x86
		{F05B557F-F589-4F8B-92BE-BA2B34E89CD1}.Release|x86.ActiveCfg = Release|x86
		{F05B557F-F589-4F8B-92BE-BA2B34E89CD1}.Release|x86.Build.0 = Release|x86
	EndGlobalSection
	GlobalSection(SolutionProperties) = preSolution
		HideSolutionNode = FALSE
	EndGlobalSection
EndGlobal
